version = 1
revision = 3
requires-python = ">=3.14"

[[package]]
name = "boto3"
version = "1.40.24"
source = { registry = "https://pypi.org/simple" }
dependencies = [
    { name = "botocore" },
    { name = "jmespath" },
    { name = "s3transfer" },
]
sdist = { url = "https://files.pythonhosted.org/packages/ea/41/b1a375d02481c0c276acec2f1624ee6561f912007e9bdf89d794620d69cb/boto3-1.40.24.tar.gz", hash = "sha256:cc147ad13e8edf7ec69cbb4df8fe60f187f8b2c9ab8befa0fd1fbcfa4fc80b1f", size = 111584, upload-time = "2025-09-04T19:22:08.359Z" }
wheels = [
    { url = "https://files.pythonhosted.org/packages/72/97/0edd43090a5e7d2abbb651d8efbe3b68ac1f98b07076c2c14c38ef5d62f6/boto3-1.40.24-py3-none-any.whl", hash = "sha256:24a19e275d33e918afc22a78c6a1e20c14d02cc00e2f786b05e2a4a32191457e", size = 139323, upload-time = "2025-09-04T19:22:06.433Z" },
]

[[package]]
name = "boto3-stubs"
version = "1.40.24"
source = { registry = "https://pypi.org/simple" }
dependencies = [
    { name = "botocore-stubs" },
    { name = "types-s3transfer" },
]
sdist = { url = "https://files.pythonhosted.org/packages/d2/6d/d9d5dd30cb19e7a2ee29cfd5f7bd430996027fd2eb4894a1673bd6f4ea77/boto3_stubs-1.40.24.tar.gz", hash = "sha256:53d7b33da00013495577c979f309271fb5166d73d6d42ec5f6a3c98a768c508a", size = 101041, upload-time = "2025-09-04T19:25:02.551Z" }
wheels = [
    { url = "https://files.pythonhosted.org/packages/42/15/2628341581f27fcde92cfe933e17f61ffd89ed568f0dff694f3ab6cc53db/boto3_stubs-1.40.24-py3-none-any.whl", hash = "sha256:742063f591256ec1aa5aa28f4ef4bd1a1379ba7ee4d648bf28988cfa6ee8ad2a", size = 69769, upload-time = "2025-09-04T19:24:56.058Z" },
]

[package.optional-dependencies]
dynamodb = [
    { name = "mypy-boto3-dynamodb" },
]

[[package]]
name = "botocore"
version = "1.40.24"
source = { registry = "https://pypi.org/simple" }
dependencies = [
    { name = "jmespath" },
    { name = "python-dateutil" },
    { name = "urllib3" },
]
sdist = { url = "https://files.pythonhosted.org/packages/c2/aa/229503199f4d1533db327b69509487b9e73604c735506e92be266d744b61/botocore-1.40.24.tar.gz", hash = "sha256:af2b49e52950a12229440d7c297aaad0a7b75fd1c4f8700b164948b207a08cf0", size = 14328213, upload-time = "2025-09-04T19:21:56.488Z" }
wheels = [
    { url = "https://files.pythonhosted.org/packages/0c/79/19e515fdba3d6ced97344fc2d6cc81454f77fad049724f2126b7ab83f332/botocore-1.40.24-py3-none-any.whl", hash = "sha256:d566840f2291bb5df1c0903ad385c61c865927d562d41dcf6468c9cee4cc313a", size = 14001934, upload-time = "2025-09-04T19:21:52.667Z" },
]

[[package]]
name = "botocore-stubs"
version = "1.40.24"
source = { registry = "https://pypi.org/simple" }
dependencies = [
    { name = "types-awscrt" },
]
sdist = { url = "https://files.pythonhosted.org/packages/0e/1e/e2ac001eb2123a0731948bbe21002d7d0e73b7d76849a0a8c7c4d92a58ba/botocore_stubs-1.40.24.tar.gz", hash = "sha256:25f33a6256b606879a822f197cfe42e8157a749c6c83a86a1c3c1e8e978462aa", size = 42737, upload-time = "2025-09-04T20:25:17.879Z" }
wheels = [
    { url = "https://files.pythonhosted.org/packages/4e/13/90c8d0637f03b76977b2e60c4d6dd792b65c12007f5f8c6ab6a579889d25/botocore_stubs-1.40.24-py3-none-any.whl", hash = "sha256:4aaebdd82770ee10f601c1919b79771d94dae061e017600812a608a5f778ac2a", size = 66844, upload-time = "2025-09-04T20:25:15.536Z" },
]

[[package]]
name = "bruce-quotes"
version = "0.1.0"
source = { editable = "." }

[package.optional-dependencies]
dev = [
    { name = "boto3" },
    { name = "boto3-stubs", extra = ["dynamodb"] },
    { name = "moto", extra = ["dynamodb"] },
    { name = "pytest" },
    { name = "pytest-cov" },
]

[package.metadata]
requires-dist = [
    { name = "boto3", marker = "extra == 'dev'" },
    { name = "boto3-stubs", extras = ["dynamodb"], marker = "extra == 'dev'" },
    { name = "moto", extras = ["dynamodb"], marker = "extra == 'dev'" },
    { name = "pytest", marker = "extra == 'dev'" },
    { name = "pytest-cov", marker = "extra == 'dev'" },
]
provides-extras = ["dev"]

[[package]]
name = "certifi"
version = "2025.8.3"
source = { registry = "https://pypi.org/simple" }
sdist = { url = "https://files.pythonhosted.org/packages/dc/67/960ebe6bf230a96cda2e0abcf73af550ec4f090005363542f0765df162e0/certifi-2025.8.3.tar.gz", hash = "sha256:e564105f78ded564e3ae7c923924435e1daa7463faeab5bb932bc53ffae63407", size = 162386, upload-time = "2025-08-03T03:07:47.08Z" }
wheels = [
    { url = "https://files.pythonhosted.org/packages/e5/48/1549795ba7742c948d2ad169c1c8cdbae65bc450d6cd753d124b17c8cd32/certifi-2025.8.3-py3-none-any.whl", hash = "sha256:f6c12493cfb1b06ba2ff328595af9350c65d6644968e5d3a2ffd78699af217a5", size = 161216, upload-time = "2025-08-03T03:07:45.777Z" },
]

[[package]]
name = "cffi"
version = "1.17.1"
source = { registry = "https://pypi.org/simple" }
dependencies = [
    { name = "pycparser" },
]
sdist = { url = "https://files.pythonhosted.org/packages/fc/97/c783634659c2920c3fc70419e3af40972dbaf758daa229a7d6ea6135c90d/cffi-1.17.1.tar.gz", hash = "sha256:1c39c6016c32bc48dd54561950ebd6836e1670f2ae46128f67cf49e789c52824", size = 516621, upload-time = "2024-09-04T20:45:21.852Z" }

[[package]]
name = "charset-normalizer"
version = "3.4.3"
source = { registry = "https://pypi.org/simple" }
sdist = { url = "https://files.pythonhosted.org/packages/83/2d/5fd176ceb9b2fc619e63405525573493ca23441330fcdaee6bef9460e924/charset_normalizer-3.4.3.tar.gz", hash = "sha256:6fce4b8500244f6fcb71465d4a4930d132ba9ab8e71a7859e6a5d59851068d14", size = 122371, upload-time = "2025-08-09T07:57:28.46Z" }
wheels = [
    { url = "https://files.pythonhosted.org/packages/8e/91/b5a06ad970ddc7a0e513112d40113e834638f4ca1120eb727a249fb2715e/charset_normalizer-3.4.3-cp314-cp314-macosx_10_13_universal2.whl", hash = "sha256:3cd35b7e8aedeb9e34c41385fda4f73ba609e561faedfae0a9e75e44ac558a15", size = 204342, upload-time = "2025-08-09T07:56:38.687Z" },
    { url = "https://files.pythonhosted.org/packages/ce/ec/1edc30a377f0a02689342f214455c3f6c2fbedd896a1d2f856c002fc3062/charset_normalizer-3.4.3-cp314-cp314-manylinux2014_aarch64.manylinux_2_17_aarch64.manylinux_2_28_aarch64.whl", hash = "sha256:b89bc04de1d83006373429975f8ef9e7932534b8cc9ca582e4db7d20d91816db", size = 145995, upload-time = "2025-08-09T07:56:40.048Z" },
    { url = "https://files.pythonhosted.org/packages/17/e5/5e67ab85e6d22b04641acb5399c8684f4d37caf7558a53859f0283a650e9/charset_normalizer-3.4.3-cp314-cp314-manylinux2014_ppc64le.manylinux_2_17_ppc64le.manylinux_2_28_ppc64le.whl", hash = "sha256:2001a39612b241dae17b4687898843f254f8748b796a2e16f1051a17078d991d", size = 158640, upload-time = "2025-08-09T07:56:41.311Z" },
    { url = "https://files.pythonhosted.org/packages/f1/e5/38421987f6c697ee3722981289d554957c4be652f963d71c5e46a262e135/charset_normalizer-3.4.3-cp314-cp314-manylinux2014_s390x.manylinux_2_17_s390x.manylinux_2_28_s390x.whl", hash = "sha256:8dcfc373f888e4fb39a7bc57e93e3b845e7f462dacc008d9749568b1c4ece096", size = 156636, upload-time = "2025-08-09T07:56:43.195Z" },
    { url = "https://files.pythonhosted.org/packages/a0/e4/5a075de8daa3ec0745a9a3b54467e0c2967daaaf2cec04c845f73493e9a1/charset_normalizer-3.4.3-cp314-cp314-manylinux2014_x86_64.manylinux_2_17_x86_64.manylinux_2_28_x86_64.whl", hash = "sha256:18b97b8404387b96cdbd30ad660f6407799126d26a39ca65729162fd810a99aa", size = 150939, upload-time = "2025-08-09T07:56:44.819Z" },
    { url = "https://files.pythonhosted.org/packages/02/f7/3611b32318b30974131db62b4043f335861d4d9b49adc6d57c1149cc49d4/charset_normalizer-3.4.3-cp314-cp314-musllinux_1_2_aarch64.whl", hash = "sha256:ccf600859c183d70eb47e05a44cd80a4ce77394d1ac0f79dbd2dd90a69a3a049", size = 148580, upload-time = "2025-08-09T07:56:46.684Z" },
    { url = "https://files.pythonhosted.org/packages/7e/61/19b36f4bd67f2793ab6a99b979b4e4f3d8fc754cbdffb805335df4337126/charset_normalizer-3.4.3-cp314-cp314-musllinux_1_2_ppc64le.whl", hash = "sha256:53cd68b185d98dde4ad8990e56a58dea83a4162161b1ea9272e5c9182ce415e0", size = 159870, upload-time = "2025-08-09T07:56:47.941Z" },
    { url = "https://files.pythonhosted.org/packages/06/57/84722eefdd338c04cf3030ada66889298eaedf3e7a30a624201e0cbe424a/charset_normalizer-3.4.3-cp314-cp314-musllinux_1_2_s390x.whl", hash = "sha256:30a96e1e1f865f78b030d65241c1ee850cdf422d869e9028e2fc1d5e4db73b92", size = 157797, upload-time = "2025-08-09T07:56:49.756Z" },
    { url = "https://files.pythonhosted.org/packages/72/2a/aff5dd112b2f14bcc3462c312dce5445806bfc8ab3a7328555da95330e4b/charset_normalizer-3.4.3-cp314-cp314-musllinux_1_2_x86_64.whl", hash = "sha256:d716a916938e03231e86e43782ca7878fb602a125a91e7acb8b5112e2e96ac16", size = 152224, upload-time = "2025-08-09T07:56:51.369Z" },
    { url = "https://files.pythonhosted.org/packages/b7/8c/9839225320046ed279c6e839d51f028342eb77c91c89b8ef2549f951f3ec/charset_normalizer-3.4.3-cp314-cp314-win32.whl", hash = "sha256:c6dbd0ccdda3a2ba7c2ecd9d77b37f3b5831687d8dc1b6ca5f56a4880cc7b7ce", size = 100086, upload-time = "2025-08-09T07:56:52.722Z" },
    { url = "https://files.pythonhosted.org/packages/ee/7a/36fbcf646e41f710ce0a563c1c9a343c6edf9be80786edeb15b6f62e17db/charset_normalizer-3.4.3-cp314-cp314-win_amd64.whl", hash = "sha256:73dc19b562516fc9bcf6e5d6e596df0b4eb98d87e4f79f3ae71840e6ed21361c", size = 107400, upload-time = "2025-08-09T07:56:55.172Z" },
    { url = "https://files.pythonhosted.org/packages/8a/1f/f041989e93b001bc4e44bb1669ccdcf54d3f00e628229a85b08d330615c5/charset_normalizer-3.4.3-py3-none-any.whl", hash = "sha256:ce571ab16d890d23b5c278547ba694193a45011ff86a9162a71307ed9f86759a", size = 53175, upload-time = "2025-08-09T07:57:26.864Z" },
]

[[package]]
name = "colorama"
version = "0.4.6"
source = { registry = "https://pypi.org/simple" }
sdist = { url = "https://files.pythonhosted.org/packages/d8/53/6f443c9a4a8358a93a6792e2acffb9d9d5cb0a5cfd8802644b7b1c9a02e4/colorama-0.4.6.tar.gz", hash = "sha256:08695f5cb7ed6e0531a20572697297273c47b8cae5a63ffc6d6ed5c201be6e44", size = 27697, upload-time = "2022-10-25T02:36:22.414Z" }
wheels = [
    { url = "https://files.pythonhosted.org/packages/d1/d6/3965ed04c63042e047cb6a3e6ed1a63a35087b6a609aa3a15ed8ac56c221/colorama-0.4.6-py2.py3-none-any.whl", hash = "sha256:4f1d9991f5acc0ca119f9d443620b77f9d6b33703e51011c16baf57afb285fc6", size = 25335, upload-time = "2022-10-25T02:36:20.889Z" },
]

[[package]]
name = "coverage"
version = "7.10.6"
source = { registry = "https://pypi.org/simple" }
sdist = { url = "https://files.pythonhosted.org/packages/14/70/025b179c993f019105b79575ac6edb5e084fb0f0e63f15cdebef4e454fb5/coverage-7.10.6.tar.gz", hash = "sha256:f644a3ae5933a552a29dbb9aa2f90c677a875f80ebea028e5a52a4f429044b90", size = 823736, upload-time = "2025-08-29T15:35:16.668Z" }
wheels = [
    { url = "https://files.pythonhosted.org/packages/d3/aa/76cf0b5ec00619ef208da4689281d48b57f2c7fde883d14bf9441b74d59f/coverage-7.10.6-cp314-cp314-macosx_10_13_x86_64.whl", hash = "sha256:6008a021907be8c4c02f37cdc3ffb258493bdebfeaf9a839f9e71dfdc47b018e", size = 217331, upload-time = "2025-08-29T15:34:20.846Z" },
    { url = "https://files.pythonhosted.org/packages/65/91/8e41b8c7c505d398d7730206f3cbb4a875a35ca1041efc518051bfce0f6b/coverage-7.10.6-cp314-cp314-macosx_11_0_arm64.whl", hash = "sha256:5e75e37f23eb144e78940b40395b42f2321951206a4f50e23cfd6e8a198d3ceb", size = 217607, upload-time = "2025-08-29T15:34:22.433Z" },
    { url = "https://files.pythonhosted.org/packages/87/7f/f718e732a423d442e6616580a951b8d1ec3575ea48bcd0e2228386805e79/coverage-7.10.6-cp314-cp314-manylinux1_i686.manylinux_2_28_i686.manylinux_2_5_i686.whl", hash = "sha256:0f7cb359a448e043c576f0da00aa8bfd796a01b06aa610ca453d4dde09cc1034", size = 248663, upload-time = "2025-08-29T15:34:24.425Z" },
    { url = "https://files.pythonhosted.org/packages/e6/52/c1106120e6d801ac03e12b5285e971e758e925b6f82ee9b86db3aa10045d/coverage-7.10.6-cp314-cp314-manylinux1_x86_64.manylinux_2_28_x86_64.manylinux_2_5_x86_64.whl", hash = "sha256:c68018e4fc4e14b5668f1353b41ccf4bc83ba355f0e1b3836861c6f042d89ac1", size = 251197, upload-time = "2025-08-29T15:34:25.906Z" },
    { url = "https://files.pythonhosted.org/packages/3d/ec/3a8645b1bb40e36acde9c0609f08942852a4af91a937fe2c129a38f2d3f5/coverage-7.10.6-cp314-cp314-manylinux2014_aarch64.manylinux_2_17_aarch64.manylinux_2_28_aarch64.whl", hash = "sha256:cd4b2b0707fc55afa160cd5fc33b27ccbf75ca11d81f4ec9863d5793fc6df56a", size = 252551, upload-time = "2025-08-29T15:34:27.337Z" },
    { url = "https://files.pythonhosted.org/packages/a1/70/09ecb68eeb1155b28a1d16525fd3a9b65fbe75337311a99830df935d62b6/coverage-7.10.6-cp314-cp314-musllinux_1_2_aarch64.whl", hash = "sha256:4cec13817a651f8804a86e4f79d815b3b28472c910e099e4d5a0e8a3b6a1d4cb", size = 250553, upload-time = "2025-08-29T15:34:29.065Z" },
    { url = "https://files.pythonhosted.org/packages/c6/80/47df374b893fa812e953b5bc93dcb1427a7b3d7a1a7d2db33043d17f74b9/coverage-7.10.6-cp314-cp314-musllinux_1_2_i686.whl", hash = "sha256:f2a6a8e06bbda06f78739f40bfb56c45d14eb8249d0f0ea6d4b3d48e1f7c695d", size = 248486, upload-time = "2025-08-29T15:34:30.897Z" },
    { url = "https://files.pythonhosted.org/packages/4a/65/9f98640979ecee1b0d1a7164b589de720ddf8100d1747d9bbdb84be0c0fb/coverage-7.10.6-cp314-cp314-musllinux_1_2_x86_64.whl", hash = "sha256:081b98395ced0d9bcf60ada7661a0b75f36b78b9d7e39ea0790bb4ed8da14747", size = 249981, upload-time = "2025-08-29T15:34:32.365Z" },
    { url = "https://files.pythonhosted.org/packages/1f/55/eeb6603371e6629037f47bd25bef300387257ed53a3c5fdb159b7ac8c651/coverage-7.10.6-cp314-cp314-win32.whl", hash = "sha256:6937347c5d7d069ee776b2bf4e1212f912a9f1f141a429c475e6089462fcecc5", size = 220054, upload-time = "2025-08-29T15:34:34.124Z" },
    { url = "https://files.pythonhosted.org/packages/15/d1/a0912b7611bc35412e919a2cd59ae98e7ea3b475e562668040a43fb27897/coverage-7.10.6-cp314-cp314-win_amd64.whl", hash = "sha256:adec1d980fa07e60b6ef865f9e5410ba760e4e1d26f60f7e5772c73b9a5b0713", size = 220851, upload-time = "2025-08-29T15:34:35.651Z" },
    { url = "https://files.pythonhosted.org/packages/ef/2d/11880bb8ef80a45338e0b3e0725e4c2d73ffbb4822c29d987078224fd6a5/coverage-7.10.6-cp314-cp314-win_arm64.whl", hash = "sha256:a80f7aef9535442bdcf562e5a0d5a5538ce8abe6bb209cfbf170c462ac2c2a32", size = 219429, upload-time = "2025-08-29T15:34:37.16Z" },
    { url = "https://files.pythonhosted.org/packages/83/c0/1f00caad775c03a700146f55536ecd097a881ff08d310a58b353a1421be0/coverage-7.10.6-cp314-cp314t-macosx_10_13_x86_64.whl", hash = "sha256:0de434f4fbbe5af4fa7989521c655c8c779afb61c53ab561b64dcee6149e4c65", size = 218080, upload-time = "2025-08-29T15:34:38.919Z" },
    { url = "https://files.pythonhosted.org/packages/a9/c4/b1c5d2bd7cc412cbeb035e257fd06ed4e3e139ac871d16a07434e145d18d/coverage-7.10.6-cp314-cp314t-macosx_11_0_arm64.whl", hash = "sha256:6e31b8155150c57e5ac43ccd289d079eb3f825187d7c66e755a055d2c85794c6", size = 218293, upload-time = "2025-08-29T15:34:40.425Z" },
    { url = "https://files.pythonhosted.org/packages/3f/07/4468d37c94724bf6ec354e4ec2f205fda194343e3e85fd2e59cec57e6a54/coverage-7.10.6-cp314-cp314t-manylinux1_i686.manylinux_2_28_i686.manylinux_2_5_i686.whl", hash = "sha256:98cede73eb83c31e2118ae8d379c12e3e42736903a8afcca92a7218e1f2903b0", size = 259800, upload-time = "2025-08-29T15:34:41.996Z" },
    { url = "https://files.pythonhosted.org/packages/82/d8/f8fb351be5fee31690cd8da768fd62f1cfab33c31d9f7baba6cd8960f6b8/coverage-7.10.6-cp314-cp314t-manylinux1_x86_64.manylinux_2_28_x86_64.manylinux_2_5_x86_64.whl", hash = "sha256:f863c08f4ff6b64fa8045b1e3da480f5374779ef187f07b82e0538c68cb4ff8e", size = 261965, upload-time = "2025-08-29T15:34:43.61Z" },
    { url = "https://files.pythonhosted.org/packages/e8/70/65d4d7cfc75c5c6eb2fed3ee5cdf420fd8ae09c4808723a89a81d5b1b9c3/coverage-7.10.6-cp314-cp314t-manylinux2014_aarch64.manylinux_2_17_aarch64.manylinux_2_28_aarch64.whl", hash = "sha256:2b38261034fda87be356f2c3f42221fdb4171c3ce7658066ae449241485390d5", size = 264220, upload-time = "2025-08-29T15:34:45.387Z" },
    { url = "https://files.pythonhosted.org/packages/98/3c/069df106d19024324cde10e4ec379fe2fb978017d25e97ebee23002fbadf/coverage-7.10.6-cp314-cp314t-musllinux_1_2_aarch64.whl", hash = "sha256:0e93b1476b79eae849dc3872faeb0bf7948fd9ea34869590bc16a2a00b9c82a7", size = 261660, upload-time = "2025-08-29T15:34:47.288Z" },
    { url = "https://files.pythonhosted.org/packages/fc/8a/2974d53904080c5dc91af798b3a54a4ccb99a45595cc0dcec6eb9616a57d/coverage-7.10.6-cp314-cp314t-musllinux_1_2_i686.whl", hash = "sha256:ff8a991f70f4c0cf53088abf1e3886edcc87d53004c7bb94e78650b4d3dac3b5", size = 259417, upload-time = "2025-08-29T15:34:48.779Z" },
    { url = "https://files.pythonhosted.org/packages/30/38/9616a6b49c686394b318974d7f6e08f38b8af2270ce7488e879888d1e5db/coverage-7.10.6-cp314-cp314t-musllinux_1_2_x86_64.whl", hash = "sha256:ac765b026c9f33044419cbba1da913cfb82cca1b60598ac1c7a5ed6aac4621a0", size = 260567, upload-time = "2025-08-29T15:34:50.718Z" },
    { url = "https://files.pythonhosted.org/packages/76/16/3ed2d6312b371a8cf804abf4e14895b70e4c3491c6e53536d63fd0958a8d/coverage-7.10.6-cp314-cp314t-win32.whl", hash = "sha256:441c357d55f4936875636ef2cfb3bee36e466dcf50df9afbd398ce79dba1ebb7", size = 220831, upload-time = "2025-08-29T15:34:52.653Z" },
    { url = "https://files.pythonhosted.org/packages/d5/e5/d38d0cb830abede2adb8b147770d2a3d0e7fecc7228245b9b1ae6c24930a/coverage-7.10.6-cp314-cp314t-win_amd64.whl", hash = "sha256:073711de3181b2e204e4870ac83a7c4853115b42e9cd4d145f2231e12d670930", size = 221950, upload-time = "2025-08-29T15:34:54.212Z" },
    { url = "https://files.pythonhosted.org/packages/f4/51/e48e550f6279349895b0ffcd6d2a690e3131ba3a7f4eafccc141966d4dea/coverage-7.10.6-cp314-cp314t-win_arm64.whl", hash = "sha256:137921f2bac5559334ba66122b753db6dc5d1cf01eb7b64eb412bb0d064ef35b", size = 219969, upload-time = "2025-08-29T15:34:55.83Z" },
    { url = "https://files.pythonhosted.org/packages/44/0c/50db5379b615854b5cf89146f8f5bd1d5a9693d7f3a987e269693521c404/coverage-7.10.6-py3-none-any.whl", hash = "sha256:92c4ecf6bf11b2e85fd4d8204814dc26e6a19f0c9d938c207c5cb0eadfcabbe3", size = 208986, upload-time = "2025-08-29T15:35:14.506Z" },
]

[[package]]
name = "cryptography"
version = "45.0.7"
source = { registry = "https://pypi.org/simple" }
dependencies = [
    { name = "cffi", marker = "platform_python_implementation != 'PyPy'" },
]
sdist = { url = "https://files.pythonhosted.org/packages/a7/35/c495bffc2056f2dadb32434f1feedd79abde2a7f8363e1974afa9c33c7e2/cryptography-45.0.7.tar.gz", hash = "sha256:4b1654dfc64ea479c242508eb8c724044f1e964a47d1d1cacc5132292d851971", size = 744980, upload-time = "2025-09-01T11:15:03.146Z" }
wheels = [
    { url = "https://files.pythonhosted.org/packages/0c/91/925c0ac74362172ae4516000fe877912e33b5983df735ff290c653de4913/cryptography-45.0.7-cp311-abi3-macosx_10_9_universal2.whl", hash = "sha256:3be4f21c6245930688bd9e162829480de027f8bf962ede33d4f8ba7d67a00cee", size = 7041105, upload-time = "2025-09-01T11:13:59.684Z" },
    { url = "https://files.pythonhosted.org/packages/fc/63/43641c5acce3a6105cf8bd5baeceeb1846bb63067d26dae3e5db59f1513a/cryptography-45.0.7-cp311-abi3-manylinux2014_aarch64.manylinux_2_17_aarch64.whl", hash = "sha256:67285f8a611b0ebc0857ced2081e30302909f571a46bfa7a3cc0ad303fe015c6", size = 4205799, upload-time = "2025-09-01T11:14:02.517Z" },
    { url = "https://files.pythonhosted.org/packages/bc/29/c238dd9107f10bfde09a4d1c52fd38828b1aa353ced11f358b5dd2507d24/cryptography-45.0.7-cp311-abi3-manylinux2014_x86_64.manylinux_2_17_x86_64.whl", hash = "sha256:577470e39e60a6cd7780793202e63536026d9b8641de011ed9d8174da9ca5339", size = 4430504, upload-time = "2025-09-01T11:14:04.522Z" },
    { url = "https://files.pythonhosted.org/packages/62/62/24203e7cbcc9bd7c94739428cd30680b18ae6b18377ae66075c8e4771b1b/cryptography-45.0.7-cp311-abi3-manylinux_2_28_aarch64.whl", hash = "sha256:4bd3e5c4b9682bc112d634f2c6ccc6736ed3635fc3319ac2bb11d768cc5a00d8", size = 4209542, upload-time = "2025-09-01T11:14:06.309Z" },
    { url = "https://files.pythonhosted.org/packages/cd/e3/e7de4771a08620eef2389b86cd87a2c50326827dea5528feb70595439ce4/cryptography-45.0.7-cp311-abi3-manylinux_2_28_armv7l.manylinux_2_31_armv7l.whl", hash = "sha256:465ccac9d70115cd4de7186e60cfe989de73f7bb23e8a7aa45af18f7412e75bf", size = 3889244, upload-time = "2025-09-01T11:14:08.152Z" },
    { url = "https://files.pythonhosted.org/packages/96/b8/bca71059e79a0bb2f8e4ec61d9c205fbe97876318566cde3b5092529faa9/cryptography-45.0.7-cp311-abi3-manylinux_2_28_x86_64.whl", hash = "sha256:16ede8a4f7929b4b7ff3642eba2bf79aa1d71f24ab6ee443935c0d269b6bc513", size = 4461975, upload-time = "2025-09-01T11:14:09.755Z" },
    { url = "https://files.pythonhosted.org/packages/58/67/3f5b26937fe1218c40e95ef4ff8d23c8dc05aa950d54200cc7ea5fb58d28/cryptography-45.0.7-cp311-abi3-manylinux_2_34_aarch64.whl", hash = "sha256:8978132287a9d3ad6b54fcd1e08548033cc09dc6aacacb6c004c73c3eb5d3ac3", size = 4209082, upload-time = "2025-09-01T11:14:11.229Z" },
    { url = "https://files.pythonhosted.org/packages/0e/e4/b3e68a4ac363406a56cf7b741eeb80d05284d8c60ee1a55cdc7587e2a553/cryptography-45.0.7-cp311-abi3-manylinux_2_34_x86_64.whl", hash = "sha256:b6a0e535baec27b528cb07a119f321ac024592388c5681a5ced167ae98e9fff3", size = 4460397, upload-time = "2025-09-01T11:14:12.924Z" },
    { url = "https://files.pythonhosted.org/packages/22/49/2c93f3cd4e3efc8cb22b02678c1fad691cff9dd71bb889e030d100acbfe0/cryptography-45.0.7-cp311-abi3-musllinux_1_2_aarch64.whl", hash = "sha256:a24ee598d10befaec178efdff6054bc4d7e883f615bfbcd08126a0f4931c83a6", size = 4337244, upload-time = "2025-09-01T11:14:14.431Z" },
    { url = "https://files.pythonhosted.org/packages/04/19/030f400de0bccccc09aa262706d90f2ec23d56bc4eb4f4e8268d0ddf3fb8/cryptography-45.0.7-cp311-abi3-musllinux_1_2_x86_64.whl", hash = "sha256:fa26fa54c0a9384c27fcdc905a2fb7d60ac6e47d14bc2692145f2b3b1e2cfdbd", size = 4568862, upload-time = "2025-09-01T11:14:16.185Z" },
    { url = "https://files.pythonhosted.org/packages/29/56/3034a3a353efa65116fa20eb3c990a8c9f0d3db4085429040a7eef9ada5f/cryptography-45.0.7-cp311-abi3-win32.whl", hash = "sha256:bef32a5e327bd8e5af915d3416ffefdbe65ed975b646b3805be81b23580b57b8", size = 2936578, upload-time = "2025-09-01T11:14:17.638Z" },
    { url = "https://files.pythonhosted.org/packages/b3/61/0ab90f421c6194705a99d0fa9f6ee2045d916e4455fdbb095a9c2c9a520f/cryptography-45.0.7-cp311-abi3-win_amd64.whl", hash = "sha256:3808e6b2e5f0b46d981c24d79648e5c25c35e59902ea4391a0dcb3e667bf7443", size = 3405400, upload-time = "2025-09-01T11:14:18.958Z" },
    { url = "https://files.pythonhosted.org/packages/63/e8/c436233ddf19c5f15b25ace33979a9dd2e7aa1a59209a0ee8554179f1cc0/cryptography-45.0.7-cp37-abi3-macosx_10_9_universal2.whl", hash = "sha256:bfb4c801f65dd61cedfc61a83732327fafbac55a47282e6f26f073ca7a41c3b2", size = 7021824, upload-time = "2025-09-01T11:14:20.954Z" },
    { url = "https://files.pythonhosted.org/packages/bc/4c/8f57f2500d0ccd2675c5d0cc462095adf3faa8c52294ba085c036befb901/cryptography-45.0.7-cp37-abi3-manylinux2014_aarch64.manylinux_2_17_aarch64.whl", hash = "sha256:81823935e2f8d476707e85a78a405953a03ef7b7b4f55f93f7c2d9680e5e0691", size = 4202233, upload-time = "2025-09-01T11:14:22.454Z" },
    { url = "https://files.pythonhosted.org/packages/eb/ac/59b7790b4ccaed739fc44775ce4645c9b8ce54cbec53edf16c74fd80cb2b/cryptography-45.0.7-cp37-abi3-manylinux2014_x86_64.manylinux_2_17_x86_64.whl", hash = "sha256:3994c809c17fc570c2af12c9b840d7cea85a9fd3e5c0e0491f4fa3c029216d59", size = 4423075, upload-time = "2025-09-01T11:14:24.287Z" },
    { url = "https://files.pythonhosted.org/packages/b8/56/d4f07ea21434bf891faa088a6ac15d6d98093a66e75e30ad08e88aa2b9ba/cryptography-45.0.7-cp37-abi3-manylinux_2_28_aarch64.whl", hash = "sha256:dad43797959a74103cb59c5dac71409f9c27d34c8a05921341fb64ea8ccb1dd4", size = 4204517, upload-time = "2025-09-01T11:14:25.679Z" },
    { url = "https://files.pythonhosted.org/packages/e8/ac/924a723299848b4c741c1059752c7cfe09473b6fd77d2920398fc26bfb53/cryptography-45.0.7-cp37-abi3-manylinux_2_28_armv7l.manylinux_2_31_armv7l.whl", hash = "sha256:ce7a453385e4c4693985b4a4a3533e041558851eae061a58a5405363b098fcd3", size = 3882893, upload-time = "2025-09-01T11:14:27.1Z" },
    { url = "https://files.pythonhosted.org/packages/83/dc/4dab2ff0a871cc2d81d3ae6d780991c0192b259c35e4d83fe1de18b20c70/cryptography-45.0.7-cp37-abi3-manylinux_2_28_x86_64.whl", hash = "sha256:b04f85ac3a90c227b6e5890acb0edbaf3140938dbecf07bff618bf3638578cf1", size = 4450132, upload-time = "2025-09-01T11:14:28.58Z" },
    { url = "https://files.pythonhosted.org/packages/12/dd/b2882b65db8fc944585d7fb00d67cf84a9cef4e77d9ba8f69082e911d0de/cryptography-45.0.7-cp37-abi3-manylinux_2_34_aarch64.whl", hash = "sha256:48c41a44ef8b8c2e80ca4527ee81daa4c527df3ecbc9423c41a420a9559d0e27", size = 4204086, upload-time = "2025-09-01T11:14:30.572Z" },
    { url = "https://files.pythonhosted.org/packages/5d/fa/1d5745d878048699b8eb87c984d4ccc5da4f5008dfd3ad7a94040caca23a/cryptography-45.0.7-cp37-abi3-manylinux_2_34_x86_64.whl", hash = "sha256:f3df7b3d0f91b88b2106031fd995802a2e9ae13e02c36c1fc075b43f420f3a17", size = 4449383, upload-time = "2025-09-01T11:14:32.046Z" },
    { url = "https://files.pythonhosted.org/packages/36/8b/fc61f87931bc030598e1876c45b936867bb72777eac693e905ab89832670/cryptography-45.0.7-cp37-abi3-musllinux_1_2_aarch64.whl", hash = "sha256:dd342f085542f6eb894ca00ef70236ea46070c8a13824c6bde0dfdcd36065b9b", size = 4332186, upload-time = "2025-09-01T11:14:33.95Z" },
    { url = "https://files.pythonhosted.org/packages/0b/11/09700ddad7443ccb11d674efdbe9a832b4455dc1f16566d9bd3834922ce5/cryptography-45.0.7-cp37-abi3-musllinux_1_2_x86_64.whl", hash = "sha256:1993a1bb7e4eccfb922b6cd414f072e08ff5816702a0bdb8941c247a6b1b287c", size = 4561639, upload-time = "2025-09-01T11:14:35.343Z" },
    { url = "https://files.pythonhosted.org/packages/71/ed/8f4c1337e9d3b94d8e50ae0b08ad0304a5709d483bfcadfcc77a23dbcb52/cryptography-45.0.7-cp37-abi3-win32.whl", hash = "sha256:18fcf70f243fe07252dcb1b268a687f2358025ce32f9f88028ca5c364b123ef5", size = 2926552, upload-time = "2025-09-01T11:14:36.929Z" },
    { url = "https://files.pythonhosted.org/packages/bc/ff/026513ecad58dacd45d1d24ebe52b852165a26e287177de1d545325c0c25/cryptography-45.0.7-cp37-abi3-win_amd64.whl", hash = "sha256:7285a89df4900ed3bfaad5679b1e668cb4b38a8de1ccbfc84b05f34512da0a90", size = 3392742, upload-time = "2025-09-01T11:14:38.368Z" },
]

[[package]]
name = "docker"
version = "7.1.0"
source = { registry = "https://pypi.org/simple" }
dependencies = [
    { name = "pywin32", marker = "sys_platform == 'win32'" },
    { name = "requests" },
    { name = "urllib3" },
]
sdist = { url = "https://files.pythonhosted.org/packages/91/9b/4a2ea29aeba62471211598dac5d96825bb49348fa07e906ea930394a83ce/docker-7.1.0.tar.gz", hash = "sha256:ad8c70e6e3f8926cb8a92619b832b4ea5299e2831c14284663184e200546fa6c", size = 117834, upload-time = "2024-05-23T11:13:57.216Z" }
wheels = [
    { url = "https://files.pythonhosted.org/packages/e3/26/57c6fb270950d476074c087527a558ccb6f4436657314bfb6cdf484114c4/docker-7.1.0-py3-none-any.whl", hash = "sha256:c96b93b7f0a746f9e77d325bcfb87422a3d8bd4f03136ae8a85b37f1898d5fc0", size = 147774, upload-time = "2024-05-23T11:13:55.01Z" },
]

[[package]]
name = "idna"
version = "3.10"
source = { registry = "https://pypi.org/simple" }
sdist = { url = "https://files.pythonhosted.org/packages/f1/70/7703c29685631f5a7590aa73f1f1d3fa9a380e654b86af429e0934a32f7d/idna-3.10.tar.gz", hash = "sha256:12f65c9b470abda6dc35cf8e63cc574b1c52b11df2c86030af0ac09b01b13ea9", size = 190490, upload-time = "2024-09-15T18:07:39.745Z" }
wheels = [
    { url = "https://files.pythonhosted.org/packages/76/c6/c88e154df9c4e1a2a66ccf0005a88dfb2650c1dffb6f5ce603dfbd452ce3/idna-3.10-py3-none-any.whl", hash = "sha256:946d195a0d259cbba61165e88e65941f16e9b36ea6ddb97f00452bae8b1287d3", size = 70442, upload-time = "2024-09-15T18:07:37.964Z" },
]

[[package]]
name = "iniconfig"
version = "2.1.0"
source = { registry = "https://pypi.org/simple" }
sdist = { url = "https://files.pythonhosted.org/packages/f2/97/ebf4da567aa6827c909642694d71c9fcf53e5b504f2d96afea02718862f3/iniconfig-2.1.0.tar.gz", hash = "sha256:3abbd2e30b36733fee78f9c7f7308f2d0050e88f0087fd25c2645f63c773e1c7", size = 4793, upload-time = "2025-03-19T20:09:59.721Z" }
wheels = [
    { url = "https://files.pythonhosted.org/packages/2c/e1/e6716421ea10d38022b952c159d5161ca1193197fb744506875fbb87ea7b/iniconfig-2.1.0-py3-none-any.whl", hash = "sha256:9deba5723312380e77435581c6bf4935c94cbfab9b1ed33ef8d238ea168eb760", size = 6050, upload-time = "2025-03-19T20:10:01.071Z" },
]

[[package]]
name = "jinja2"
version = "3.1.6"
source = { registry = "https://pypi.org/simple" }
dependencies = [
    { name = "markupsafe" },
]
sdist = { url = "https://files.pythonhosted.org/packages/df/bf/f7da0350254c0ed7c72f3e33cef02e048281fec7ecec5f032d4aac52226b/jinja2-3.1.6.tar.gz", hash = "sha256:0137fb05990d35f1275a587e9aee6d56da821fc83491a0fb838183be43f66d6d", size = 245115, upload-time = "2025-03-05T20:05:02.478Z" }
wheels = [
    { url = "https://files.pythonhosted.org/packages/62/a1/3d680cbfd5f4b8f15abc1d571870c5fc3e594bb582bc3b64ea099db13e56/jinja2-3.1.6-py3-none-any.whl", hash = "sha256:85ece4451f492d0c13c5dd7c13a64681a86afae63a5f347908daf103ce6d2f67", size = 134899, upload-time = "2025-03-05T20:05:00.369Z" },
]

[[package]]
name = "jmespath"
version = "1.0.1"
source = { registry = "https://pypi.org/simple" }
sdist = { url = "https://files.pythonhosted.org/packages/00/2a/e867e8531cf3e36b41201936b7fa7ba7b5702dbef42922193f05c8976cd6/jmespath-1.0.1.tar.gz", hash = "sha256:90261b206d6defd58fdd5e85f478bf633a2901798906be2ad389150c5c60edbe", size = 25843, upload-time = "2022-06-17T18:00:12.224Z" }
wheels = [
    { url = "https://files.pythonhosted.org/packages/31/b4/b9b800c45527aadd64d5b442f9b932b00648617eb5d63d2c7a6587b7cafc/jmespath-1.0.1-py3-none-any.whl", hash = "sha256:02e2e4cc71b5bcab88332eebf907519190dd9e6e82107fa7f83b1003a6252980", size = 20256, upload-time = "2022-06-17T18:00:10.251Z" },
]

[[package]]
name = "markupsafe"
version = "3.0.2"
source = { registry = "https://pypi.org/simple" }
sdist = { url = "https://files.pythonhosted.org/packages/b2/97/5d42485e71dfc078108a86d6de8fa46db44a1a9295e89c5d6d4a06e23a62/markupsafe-3.0.2.tar.gz", hash = "sha256:ee55d3edf80167e48ea11a923c7386f4669df67d7994554387f84e7d8b0a2bf0", size = 20537, upload-time = "2024-10-18T15:21:54.129Z" }

[[package]]
name = "moto"
version = "5.1.11"
source = { registry = "https://pypi.org/simple" }
dependencies = [
    { name = "boto3" },
    { name = "botocore" },
    { name = "cryptography" },
    { name = "jinja2" },
    { name = "python-dateutil" },
    { name = "requests" },
    { name = "responses" },
    { name = "werkzeug" },
    { name = "xmltodict" },
]
sdist = { url = "https://files.pythonhosted.org/packages/40/a9/08cbf49888def620dbdf277d4518c92d7a0763ad83b7419c2b08b81f6110/moto-5.1.11.tar.gz", hash = "sha256:1330b6d9b91088e971469dfb67f297595541914b364e0b49047bb82622975ec7", size = 7111584, upload-time = "2025-08-24T22:11:06.556Z" }
wheels = [
    { url = "https://files.pythonhosted.org/packages/f7/78/434fa680cb9aa51820388f0e86ddf7d0ce542f4865699265f3114b967a0f/moto-5.1.11-py3-none-any.whl", hash = "sha256:d09429ed5f67f8568637700cd525997d6abe7f91439a6f900b4f98a9fe4ecac9", size = 5259621, upload-time = "2025-08-24T22:11:04.369Z" },
]

[package.optional-dependencies]
dynamodb = [
    { name = "docker" },
    { name = "py-partiql-parser" },
]

[[package]]
name = "mypy-boto3-dynamodb"
version = "1.40.20"
source = { registry = "https://pypi.org/simple" }
sdist = { url = "https://files.pythonhosted.org/packages/5b/28/7287218f6e7a5089b2efb60e7add467c8b1ed686ea1a61717a2a779bae66/mypy_boto3_dynamodb-1.40.20.tar.gz", hash = "sha256:2f424315d299ccf0b3b4e3b2b2300f90f09cd0b7c69fc473d0cdc0b6be6c30d6", size = 47989, upload-time = "2025-08-28T20:45:52.813Z" }
wheels = [
    { url = "https://files.pythonhosted.org/packages/d3/5b/2513b9006818feb5481377f99816726cfa5046f4c8a43f2e1174c779d86c/mypy_boto3_dynamodb-1.40.20-py3-none-any.whl", hash = "sha256:276f12132b19e5cd9c8c2e551899128acfad39fb56fc77c7e0b005b29d86c844", size = 56993, upload-time = "2025-08-28T20:45:47.645Z" },
]

[[package]]
name = "packaging"
version = "25.0"
source = { registry = "https://pypi.org/simple" }
sdist = { url = "https://files.pythonhosted.org/packages/a1/d4/1fc4078c65507b51b96ca8f8c3ba19e6a61c8253c72794544580a7b6c24d/packaging-25.0.tar.gz", hash = "sha256:d443872c98d677bf60f6a1f2f8c1cb748e8fe762d2bf9d3148b5599295b0fc4f", size = 165727, upload-time = "2025-04-19T11:48:59.673Z" }
wheels = [
    { url = "https://files.pythonhosted.org/packages/20/12/38679034af332785aac8774540895e234f4d07f7545804097de4b666afd8/packaging-25.0-py3-none-any.whl", hash = "sha256:29572ef2b1f17581046b3a2227d5c611fb25ec70ca1ba8554b24b0e69331a484", size = 66469, upload-time = "2025-04-19T11:48:57.875Z" },
]

[[package]]
name = "pluggy"
version = "1.6.0"
source = { registry = "https://pypi.org/simple" }
sdist = { url = "https://files.pythonhosted.org/packages/f9/e2/3e91f31a7d2b083fe6ef3fa267035b518369d9511ffab804f839851d2779/pluggy-1.6.0.tar.gz", hash = "sha256:7dcc130b76258d33b90f61b658791dede3486c3e6bfb003ee5c9bfb396dd22f3", size = 69412, upload-time = "2025-05-15T12:30:07.975Z" }
wheels = [
    { url = "https://files.pythonhosted.org/packages/54/20/4d324d65cc6d9205fabedc306948156824eb9f0ee1633355a8f7ec5c66bf/pluggy-1.6.0-py3-none-any.whl", hash = "sha256:e920276dd6813095e9377c0bc5566d94c932c33b27a3e3945d8389c374dd4746", size = 20538, upload-time = "2025-05-15T12:30:06.134Z" },
]

[[package]]
name = "py-partiql-parser"
version = "0.6.1"
source = { registry = "https://pypi.org/simple" }
sdist = { url = "https://files.pythonhosted.org/packages/58/a1/0a2867e48b232b4f82c4929ef7135f2a5d72c3886b957dccf63c70aa2fcb/py_partiql_parser-0.6.1.tar.gz", hash = "sha256:8583ff2a0e15560ef3bc3df109a7714d17f87d81d33e8c38b7fed4e58a63215d", size = 17120, upload-time = "2024-12-25T22:06:41.327Z" }
wheels = [
    { url = "https://files.pythonhosted.org/packages/97/84/0e410c20bbe9a504fc56e97908f13261c2b313d16cbb3b738556166f044a/py_partiql_parser-0.6.1-py2.py3-none-any.whl", hash = "sha256:ff6a48067bff23c37e9044021bf1d949c83e195490c17e020715e927fe5b2456", size = 23520, upload-time = "2024-12-25T22:06:39.106Z" },
]

[[package]]
name = "pycparser"
version = "2.22"
source = { registry = "https://pypi.org/simple" }
sdist = { url = "https://files.pythonhosted.org/packages/1d/b2/31537cf4b1ca988837256c910a668b553fceb8f069bedc4b1c826024b52c/pycparser-2.22.tar.gz", hash = "sha256:491c8be9c040f5390f5bf44a5b07752bd07f56edf992381b05c701439eec10f6", size = 172736, upload-time = "2024-03-30T13:22:22.564Z" }
wheels = [
    { url = "https://files.pythonhosted.org/packages/13/a3/a812df4e2dd5696d1f351d58b8fe16a405b234ad2886a0dab9183fb78109/pycparser-2.22-py3-none-any.whl", hash = "sha256:c3702b6d3dd8c7abc1afa565d7e63d53a1d0bd86cdc24edd75470f4de499cfcc", size = 117552, upload-time = "2024-03-30T13:22:20.476Z" },
]

[[package]]
name = "pygments"
version = "2.19.2"
source = { registry = "https://pypi.org/simple" }
sdist = { url = "https://files.pythonhosted.org/packages/b0/77/a5b8c569bf593b0140bde72ea885a803b82086995367bf2037de0159d924/pygments-2.19.2.tar.gz", hash = "sha256:636cb2477cec7f8952536970bc533bc43743542f70392ae026374600add5b887", size = 4968631, upload-time = "2025-06-21T13:39:12.283Z" }
wheels = [
    { url = "https://files.pythonhosted.org/packages/c7/21/705964c7812476f378728bdf590ca4b771ec72385c533964653c68e86bdc/pygments-2.19.2-py3-none-any.whl", hash = "sha256:86540386c03d588bb81d44bc3928634ff26449851e99741617ecb9037ee5ec0b", size = 1225217, upload-time = "2025-06-21T13:39:07.939Z" },
]

[[package]]
name = "pytest"
version = "8.4.2"
source = { registry = "https://pypi.org/simple" }
dependencies = [
    { name = "colorama", marker = "sys_platform == 'win32'" },
    { name = "iniconfig" },
    { name = "packaging" },
    { name = "pluggy" },
    { name = "pygments" },
]
sdist = { url = "https://files.pythonhosted.org/packages/a3/5c/00a0e072241553e1a7496d638deababa67c5058571567b92a7eaa258397c/pytest-8.4.2.tar.gz", hash = "sha256:86c0d0b93306b961d58d62a4db4879f27fe25513d4b969df351abdddb3c30e01", size = 1519618, upload-time = "2025-09-04T14:34:22.711Z" }
wheels = [
    { url = "https://files.pythonhosted.org/packages/a8/a4/20da314d277121d6534b3a980b29035dcd51e6744bd79075a6ce8fa4eb8d/pytest-8.4.2-py3-none-any.whl", hash = "sha256:872f880de3fc3a5bdc88a11b39c9710c3497a547cfa9320bc3c5e62fbf272e79", size = 365750, upload-time = "2025-09-04T14:34:20.226Z" },
]

[[package]]
name = "pytest-cov"
version = "6.2.1"
source = { registry = "https://pypi.org/simple" }
dependencies = [
    { name = "coverage" },
    { name = "pluggy" },
    { name = "pytest" },
]
sdist = { url = "https://files.pythonhosted.org/packages/18/99/668cade231f434aaa59bbfbf49469068d2ddd945000621d3d165d2e7dd7b/pytest_cov-6.2.1.tar.gz", hash = "sha256:25cc6cc0a5358204b8108ecedc51a9b57b34cc6b8c967cc2c01a4e00d8a67da2", size = 69432, upload-time = "2025-06-12T10:47:47.684Z" }
wheels = [
    { url = "https://files.pythonhosted.org/packages/bc/16/4ea354101abb1287856baa4af2732be351c7bee728065aed451b678153fd/pytest_cov-6.2.1-py3-none-any.whl", hash = "sha256:f5bc4c23f42f1cdd23c70b1dab1bbaef4fc505ba950d53e0081d0730dd7e86d5", size = 24644, upload-time = "2025-06-12T10:47:45.932Z" },
]

[[package]]
name = "python-dateutil"
version = "2.9.0.post0"
source = { registry = "https://pypi.org/simple" }
dependencies = [
    { name = "six" },
]
sdist = { url = "https://files.pythonhosted.org/packages/66/c0/0c8b6ad9f17a802ee498c46e004a0eb49bc148f2fd230864601a86dcf6db/python-dateutil-2.9.0.post0.tar.gz", hash = "sha256:37dd54208da7e1cd875388217d5e00ebd4179249f90fb72437e91a35459a0ad3", size = 342432, upload-time = "2024-03-01T18:36:20.211Z" }
wheels = [
    { url = "https://files.pythonhosted.org/packages/ec/57/56b9bcc3c9c6a792fcbaf139543cee77261f3651ca9da0c93f5c1221264b/python_dateutil-2.9.0.post0-py2.py3-none-any.whl", hash = "sha256:a8b2bc7bffae282281c8140a97d3aa9c14da0b136dfe83f850eea9a5f7470427", size = 229892, upload-time = "2024-03-01T18:36:18.57Z" },
]

[[package]]
name = "pywin32"
version = "311"
source = { registry = "https://pypi.org/simple" }
wheels = [
    { url = "https://files.pythonhosted.org/packages/c9/31/097f2e132c4f16d99a22bfb777e0fd88bd8e1c634304e102f313af69ace5/pywin32-311-cp314-cp314-win32.whl", hash = "sha256:b7a2c10b93f8986666d0c803ee19b5990885872a7de910fc460f9b0c2fbf92ee", size = 8840714, upload-time = "2025-07-14T20:13:32.449Z" },
    { url = "https://files.pythonhosted.org/packages/90/4b/07c77d8ba0e01349358082713400435347df8426208171ce297da32c313d/pywin32-311-cp314-cp314-win_amd64.whl", hash = "sha256:3aca44c046bd2ed8c90de9cb8427f581c479e594e99b5c0bb19b29c10fd6cb87", size = 9656800, upload-time = "2025-07-14T20:13:34.312Z" },
    { url = "https://files.pythonhosted.org/packages/c0/d2/21af5c535501a7233e734b8af901574572da66fcc254cb35d0609c9080dd/pywin32-311-cp314-cp314-win_arm64.whl", hash = "sha256:a508e2d9025764a8270f93111a970e1d0fbfc33f4153b388bb649b7eec4f9b42", size = 8932540, upload-time = "2025-07-14T20:13:36.379Z" },
]

[[package]]
name = "pyyaml"
version = "6.0.2"
source = { registry = "https://pypi.org/simple" }
sdist = { url = "https://files.pythonhosted.org/packages/54/ed/79a089b6be93607fa5cdaedf301d7dfb23af5f25c398d5ead2525b063e17/pyyaml-6.0.2.tar.gz", hash = "sha256:d584d9ec91ad65861cc08d42e834324ef890a082e591037abe114850ff7bbc3e", size = 130631, upload-time = "2024-08-06T20:33:50.674Z" }

[[package]]
name = "requests"
version = "2.32.5"
source = { registry = "https://pypi.org/simple" }
dependencies = [
    { name = "certifi" },
    { name = "charset-normalizer" },
    { name = "idna" },
    { name = "urllib3" },
]
sdist = { url = "https://files.pythonhosted.org/packages/c9/74/b3ff8e6c8446842c3f5c837e9c3dfcfe2018ea6ecef224c710c85ef728f4/requests-2.32.5.tar.gz", hash = "sha256:dbba0bac56e100853db0ea71b82b4dfd5fe2bf6d3754a8893c3af500cec7d7cf", size = 134517, upload-time = "2025-08-18T20:46:02.573Z" }
wheels = [
    { url = "https://files.pythonhosted.org/packages/1e/db/4254e3eabe8020b458f1a747140d32277ec7a271daf1d235b70dc0b4e6e3/requests-2.32.5-py3-none-any.whl", hash = "sha256:2462f94637a34fd532264295e186976db0f5d453d1cdd31473c85a6a161affb6", size = 64738, upload-time = "2025-08-18T20:46:00.542Z" },
]

[[package]]
name = "responses"
version = "0.25.8"
source = { registry = "https://pypi.org/simple" }
dependencies = [
    { name = "pyyaml" },
    { name = "requests" },
    { name = "urllib3" },
]
sdist = { url = "https://files.pythonhosted.org/packages/0e/95/89c054ad70bfef6da605338b009b2e283485835351a9935c7bfbfaca7ffc/responses-0.25.8.tar.gz", hash = "sha256:9374d047a575c8f781b94454db5cab590b6029505f488d12899ddb10a4af1cf4", size = 79320, upload-time = "2025-08-08T19:01:46.709Z" }
wheels = [
    { url = "https://files.pythonhosted.org/packages/1c/4c/cc276ce57e572c102d9542d383b2cfd551276581dc60004cb94fe8774c11/responses-0.25.8-py3-none-any.whl", hash = "sha256:0c710af92def29c8352ceadff0c3fe340ace27cf5af1bbe46fb71275bcd2831c", size = 34769, upload-time = "2025-08-08T19:01:45.018Z" },
]

[[package]]
name = "s3transfer"
version = "0.13.1"
source = { registry = "https://pypi.org/simple" }
dependencies = [
    { name = "botocore" },
]
sdist = { url = "https://files.pythonhosted.org/packages/6d/05/d52bf1e65044b4e5e27d4e63e8d1579dbdec54fce685908ae09bc3720030/s3transfer-0.13.1.tar.gz", hash = "sha256:c3fdba22ba1bd367922f27ec8032d6a1cf5f10c934fb5d68cf60fd5a23d936cf", size = 150589, upload-time = "2025-07-18T19:22:42.31Z" }
wheels = [
    { url = "https://files.pythonhosted.org/packages/6d/4f/d073e09df851cfa251ef7840007d04db3293a0482ce607d2b993926089be/s3transfer-0.13.1-py3-none-any.whl", hash = "sha256:a981aa7429be23fe6dfc13e80e4020057cbab622b08c0315288758d67cabc724", size = 85308, upload-time = "2025-07-18T19:22:40.947Z" },
]

[[package]]
name = "six"
version = "1.17.0"
source = { registry = "https://pypi.org/simple" }
sdist = { url = "https://files.pythonhosted.org/packages/94/e7/b2c673351809dca68a0e064b6af791aa332cf192da575fd474ed7d6f16a2/six-1.17.0.tar.gz", hash = "sha256:ff70335d468e7eb6ec65b95b99d3a2836546063f63acc5171de367e834932a81", size = 34031, upload-time = "2024-12-04T17:35:28.174Z" }
wheels = [
    { url = "https://files.pythonhosted.org/packages/b7/ce/149a00dd41f10bc29e5921b496af8b574d8413afcd5e30dfa0ed46c2cc5e/six-1.17.0-py2.py3-none-any.whl", hash = "sha256:4721f391ed90541fddacab5acf947aa0d3dc7d27b2e1e8eda2be8970586c3274", size = 11050, upload-time = "2024-12-04T17:35:26.475Z" },
]

[[package]]
name = "types-awscrt"
version = "0.27.6"
source = { registry = "https://pypi.org/simple" }
sdist = { url = "https://files.pythonhosted.org/packages/56/ce/5d84526a39f44c420ce61b16654193f8437d74b54f21597ea2ac65d89954/types_awscrt-0.27.6.tar.gz", hash = "sha256:9d3f1865a93b8b2c32f137514ac88cb048b5bc438739945ba19d972698995bfb", size = 16937, upload-time = "2025-08-13T01:54:54.659Z" }
wheels = [
    { url = "https://files.pythonhosted.org/packages/ac/af/e3d20e3e81d235b3964846adf46a334645a8a9b25a0d3d472743eb079552/types_awscrt-0.27.6-py3-none-any.whl", hash = "sha256:18aced46da00a57f02eb97637a32e5894dc5aa3dc6a905ba3e5ed85b9f3c526b", size = 39626, upload-time = "2025-08-13T01:54:53.454Z" },
]

[[package]]
name = "types-s3transfer"
version = "0.13.1"
source = { registry = "https://pypi.org/simple" }
sdist = { url = "https://files.pythonhosted.org/packages/a5/c5/23946fac96c9dd5815ec97afd1c8ad6d22efa76c04a79a4823f2f67692a5/types_s3transfer-0.13.1.tar.gz", hash = "sha256:ce488d79fdd7d3b9d39071939121eca814ec65de3aa36bdce1f9189c0a61cc80", size = 14181, upload-time = "2025-08-31T16:57:06.93Z" }
wheels = [
    { url = "https://files.pythonhosted.org/packages/8e/dc/b3f9b5c93eed6ffe768f4972661250584d5e4f248b548029026964373bcd/types_s3transfer-0.13.1-py3-none-any.whl", hash = "sha256:4ff730e464a3fd3785b5541f0f555c1bd02ad408cf82b6b7a95429f6b0d26b4a", size = 19617, upload-time = "2025-08-31T16:57:05.73Z" },
]

[[package]]
name = "urllib3"
version = "2.5.0"
source = { registry = "https://pypi.org/simple" }
sdist = { url = "https://files.pythonhosted.org/packages/15/22/9ee70a2574a4f4599c47dd506532914ce044817c7752a79b6a51286319bc/urllib3-2.5.0.tar.gz", hash = "sha256:3fc47733c7e419d4bc3f6b3dc2b4f890bb743906a30d56ba4a5bfa4bbff92760", size = 393185, upload-time = "2025-06-18T14:07:41.644Z" }
wheels = [
    { url = "https://files.pythonhosted.org/packages/a7/c2/fe1e52489ae3122415c51f387e221dd0773709bad6c6cdaa599e8a2c5185/urllib3-2.5.0-py3-none-any.whl", hash = "sha256:e6b01673c0fa6a13e374b50871808eb3bf7046c4b125b216f6bf1cc604cff0dc", size = 129795, upload-time = "2025-06-18T14:07:40.39Z" },
]

[[package]]
name = "werkzeug"
version = "3.1.3"
source = { registry = "https://pypi.org/simple" }
dependencies = [
    { name = "markupsafe" },
]
sdist = { url = "https://files.pythonhosted.org/packages/9f/69/83029f1f6300c5fb2471d621ab06f6ec6b3324685a2ce0f9777fd4a8b71e/werkzeug-3.1.3.tar.gz", hash = "sha256:60723ce945c19328679790e3282cc758aa4a6040e4bb330f53d30fa546d44746", size = 806925, upload-time = "2024-11-08T15:52:18.093Z" }
wheels = [
    { url = "https://files.pythonhosted.org/packages/52/24/ab44c871b0f07f491e5d2ad12c9bd7358e527510618cb1b803a88e986db1/werkzeug-3.1.3-py3-none-any.whl", hash = "sha256:54b78bf3716d19a65be4fceccc0d1d7b89e608834989dfae50ea87564639213e", size = 224498, upload-time = "2024-11-08T15:52:16.132Z" },
]

[[package]]
name = "xmltodict"
version = "0.14.2"
source = { registry = "https://pypi.org/simple" }
sdist = { url = "https://files.pythonhosted.org/packages/50/05/51dcca9a9bf5e1bce52582683ce50980bcadbc4fa5143b9f2b19ab99958f/xmltodict-0.14.2.tar.gz", hash = "sha256:201e7c28bb210e374999d1dde6382923ab0ed1a8a5faeece48ab525b7810a553", size = 51942, upload-time = "2024-10-16T06:10:29.683Z" }
wheels = [
    { url = "https://files.pythonhosted.org/packages/d6/45/fc303eb433e8a2a271739c98e953728422fa61a3c1f36077a49e395c972e/xmltodict-0.14.2-py2.py3-none-any.whl", hash = "sha256:20cc7d723ed729276e808f26fb6b3599f786cbc37e06c65e192ba77c40f20aac", size = 9981, upload-time = "2024-10-16T06:10:27.649Z" },
]
